// !$*UTF8*$!
{
	archiveVersion = 1;
	classes = {
	};
	objectVersion = 55;
	objects = {

/* Begin PBXBuildFile section */
		63A3C9B128464BD20036C3CC /* AppDelegate.swift in Sources */ = {isa = PBXBuildFile; fileRef = 63A3C9B028464BD20036C3CC /* AppDelegate.swift */; };
		63A3C9B328464BD20036C3CC /* SceneDelegate.swift in Sources */ = {isa = PBXBuildFile; fileRef = 63A3C9B228464BD20036C3CC /* SceneDelegate.swift */; };
		63A3C9B528464BD20036C3CC /* ViewController.swift in Sources */ = {isa = PBXBuildFile; fileRef = 63A3C9B428464BD20036C3CC /* ViewController.swift */; };
		63A3C9B828464BD20036C3CC /* Main.storyboard in Resources */ = {isa = PBXBuildFile; fileRef = 63A3C9B628464BD20036C3CC /* Main.storyboard */; };
		63A3C9BA28464BD40036C3CC /* Assets.xcassets in Resources */ = {isa = PBXBuildFile; fileRef = 63A3C9B928464BD40036C3CC /* Assets.xcassets */; };
		63A3C9BD28464BD40036C3CC /* LaunchScreen.storyboard in Resources */ = {isa = PBXBuildFile; fileRef = 63A3C9BB28464BD40036C3CC /* LaunchScreen.storyboard */; };
		63A3C9C9284665F10036C3CC /* Furniture.swift in Sources */ = {isa = PBXBuildFile; fileRef = 63A3C9C8284665F10036C3CC /* Furniture.swift */; };
		63A3C9CB284666240036C3CC /* Bed.swift in Sources */ = {isa = PBXBuildFile; fileRef = 63A3C9CA284666240036C3CC /* Bed.swift */; };
/* End PBXBuildFile section */

/* Begin PBXFileReference section */
		63A3C9AD28464BD20036C3CC /* from_B.app */ = {isa = PBXFileReference; explicitFileType = wrapper.application; includeInIndex = 0; path = from_B.app; sourceTree = BUILT_PRODUCTS_DIR; };
		63A3C9B028464BD20036C3CC /* AppDelegate.swift */ = {isa = PBXFileReference; lastKnownFileType = sourcecode.swift; path = AppDelegate.swift; sourceTree = "<group>"; };
		63A3C9B228464BD20036C3CC /* SceneDelegate.swift */ = {isa = PBXFileReference; lastKnownFileType = sourcecode.swift; path = SceneDelegate.swift; sourceTree = "<group>"; };
		63A3C9B428464BD20036C3CC /* ViewController.swift */ = {isa = PBXFileReference; lastKnownFileType = sourcecode.swift; path = ViewController.swift; sourceTree = "<group>"; };
		63A3C9B728464BD20036C3CC /* Base */ = {isa = PBXFileReference; lastKnownFileType = file.storyboard; name = Base; path = Base.lproj/Main.storyboard; sourceTree = "<group>"; };
		63A3C9B928464BD40036C3CC /* Assets.xcassets */ = {isa = PBXFileReference; lastKnownFileType = folder.assetcatalog; path = Assets.xcassets; sourceTree = "<group>"; };
		63A3C9BC28464BD40036C3CC /* Base */ = {isa = PBXFileReference; lastKnownFileType = file.storyboard; name = Base; path = Base.lproj/LaunchScreen.storyboard; sourceTree = "<group>"; };
		63A3C9BE28464BD40036C3CC /* Info.plist */ = {isa = PBXFileReference; lastKnownFileType = text.plist.xml; path = Info.plist; sourceTree = "<group>"; };
		63A3C9C8284665F10036C3CC /* Furniture.swift */ = {isa = PBXFileReference; lastKnownFileType = sourcecode.swift; path = Furniture.swift; sourceTree = "<group>"; };
		63A3C9CA284666240036C3CC /* Bed.swift */ = {isa = PBXFileReference; lastKnownFileType = sourcecode.swift; path = Bed.swift; sourceTree = "<group>"; };
/* End PBXFileReference section */

/* Begin PBXFrameworksBuildPhase section */
		63A3C9AA28464BD20036C3CC /* Frameworks */ = {
			isa = PBXFrameworksBuildPhase;
			buildActionMask = 2147483647;
			files = (
			);
			runOnlyForDeploymentPostprocessing = 0;
		};
/* End PBXFrameworksBuildPhase section */

/* Begin PBXGroup section */
		63A3C9A428464BD20036C3CC = {
			isa = PBXGroup;
			children = (
				63A3C9AF28464BD20036C3CC /* from_B */,
				63A3C9AE28464BD20036C3CC /* Products */,
			);
			sourceTree = "<group>";
		};
		63A3C9AE28464BD20036C3CC /* Products */ = {
			isa = PBXGroup;
			children = (
				63A3C9AD28464BD20036C3CC /* from_B.app */,
			);
			name = Products;
			sourceTree = "<group>";
		};
		63A3C9AF28464BD20036C3CC /* from_B */ = {
			isa = PBXGroup;
			children = (
				63A3C9C7284662360036C3CC /* Day_1_2 */,
				63A3C9B028464BD20036C3CC /* AppDelegate.swift */,
				63A3C9B228464BD20036C3CC /* SceneDelegate.swift */,
				63A3C9B428464BD20036C3CC /* ViewController.swift */,
				63A3C9B628464BD20036C3CC /* Main.storyboard */,
				63A3C9B928464BD40036C3CC /* Assets.xcassets */,
				63A3C9BB28464BD40036C3CC /* LaunchScreen.storyboard */,
				63A3C9BE28464BD40036C3CC /* Info.plist */,
			);
			path = from_B;
			sourceTree = "<group>";
		};
		63A3C9C7284662360036C3CC /* Day_1_2 */ = {
			isa = PBXGroup;
			children = (
				63A3C9C8284665F10036C3CC /* Furniture.swift */,
				63A3C9CA284666240036C3CC /* Bed.swift */,
			);
			path = Day_1_2;
			sourceTree = "<group>";
		};
/* End PBXGroup section */

/* Begin PBXNativeTarget section */
		63A3C9AC28464BD20036C3CC /* from_B */ = {
			isa = PBXNativeTarget;
			buildConfigurationList = 63A3C9C128464BD40036C3CC /* Build configuration list for PBXNativeTarget "from_B" */;
			buildPhases = (
				63A3C9A928464BD20036C3CC /* Sources */,
				63A3C9AA28464BD20036C3CC /* Frameworks */,
				63A3C9AB28464BD20036C3CC /* Resources */,
			);
			buildRules = (
			);
			dependencies = (
			);
			name = from_B;
			productName = from_B;
			productReference = 63A3C9AD28464BD20036C3CC /* from_B.app */;
			productType = "com.apple.product-type.application";
		};
/* End PBXNativeTarget section */

/* Begin PBXProject section */
		63A3C9A528464BD20036C3CC /* Project object */ = {
			isa = PBXProject;
			attributes = {
				BuildIndependentTargetsInParallel = 1;
				LastSwiftUpdateCheck = 1340;
				LastUpgradeCheck = 1340;
				TargetAttributes = {
					63A3C9AC28464BD20036C3CC = {
						CreatedOnToolsVersion = 13.4;
					};
				};
			};
			buildConfigurationList = 63A3C9A828464BD20036C3CC /* Build configuration list for PBXProject "from_B" */;
			compatibilityVersion = "Xcode 13.0";
			developmentRegion = en;
			hasScannedForEncodings = 0;
			knownRegions = (
				en,
				Base,
			);
			mainGroup = 63A3C9A428464BD20036C3CC;
			productRefGroup = 63A3C9AE28464BD20036C3CC /* Products */;
			projectDirPath = "";
			projectRoot = "";
			targets = (
				63A3C9AC28464BD20036C3CC /* from_B */,
			);
		};
/* End PBXProject section */

/* Begin PBXResourcesBuildPhase section */
		63A3C9AB28464BD20036C3CC /* Resources */ = {
			isa = PBXResourcesBuildPhase;
			buildActionMask = 2147483647;
			files = (
				63A3C9BD28464BD40036C3CC /* LaunchScreen.storyboard in Resources */,
				63A3C9BA28464BD40036C3CC /* Assets.xcassets in Resources */,
				63A3C9B828464BD20036C3CC /* Main.storyboard in Resources */,
			);
			runOnlyForDeploymentPostprocessing = 0;
		};
/* End PBXResourcesBuildPhase section */

/* Begin PBXSourcesBuildPhase section */
		63A3C9A928464BD20036C3CC /* Sources */ = {
			isa = PBXSourcesBuildPhase;
			buildActionMask = 2147483647;
			files = (
				63A3C9CB284666240036C3CC /* Bed.swift in Sources */,
				63A3C9B528464BD20036C3CC /* ViewController.swift in Sources */,
				63A3C9C9284665F10036C3CC /* Furniture.swift in Sources */,
				63A3C9B128464BD20036C3CC /* AppDelegate.swift in Sources */,
				63A3C9B328464BD20036C3CC /* SceneDelegate.swift in Sources */,
			);
			runOnlyForDeploymentPostprocessing = 0;
		};
/* End PBXSourcesBuildPhase section */

/* Begin PBXVariantGroup section */
		63A3C9B628464BD20036C3CC /* Main.storyboard */ = {
			isa = PBXVariantGroup;
			children = (
				63A3C9B728464BD20036C3CC /* Base */,
			);
			name = Main.storyboard;
			sourceTree = "<group>";
		};
		63A3C9BB28464BD40036C3CC /* LaunchScreen.storyboard */ = {
			isa = PBXVariantGroup;
			children = (
				63A3C9BC28464BD40036C3CC /* Base */,
			);
			name = LaunchScreen.storyboard;
			sourceTree = "<group>";
		};
/* End PBXVariantGroup section */

/* Begin XCBuildConfiguration section */
		63A3C9BF28464BD40036C3CC /* Debug */ = {
			isa = XCBuildConfiguration;
			buildSettings = {
				ALWAYS_SEARCH_USER_PATHS = NO;
				CLANG_ANALYZER_NONNULL = YES;
				CLANG_ANALYZER_NUMBER_OBJECT_CONVERSION = YES_AGGRESSIVE;
				CLANG_CXX_LANGUAGE_STANDARD = "gnu++17";
				CLANG_ENABLE_MODULES = YES;
				CLANG_ENABLE_OBJC_ARC = YES;
				CLANG_ENABLE_OBJC_WEAK = YES;
				CLANG_WARN_BLOCK_CAPTURE_AUTORELEASING = YES;
				CLANG_WARN_BOOL_CONVERSION = YES;
				CLANG_WARN_COMMA = YES;
				CLANG_WARN_CONSTANT_CONVERSION = YES;
				CLANG_WARN_DEPRECATED_OBJC_IMPLEMENTATIONS = YES;
				CLANG_WARN_DIRECT_OBJC_ISA_USAGE = YES_ERROR;
				CLANG_WARN_DOCUMENTATION_COMMENTS = YES;
				CLANG_WARN_EMPTY_BODY = YES;
				CLANG_WARN_ENUM_CONVERSION = YES;
				CLANG_WARN_INFINITE_RECURSION = YES;
				CLANG_WARN_INT_CONVERSION = YES;
				CLANG_WARN_NON_LITERAL_NULL_CONVERSION = YES;
				CLANG_WARN_OBJC_IMPLICIT_RETAIN_SELF = YES;
				CLANG_WARN_OBJC_LITERAL_CONVERSION = YES;
				CLANG_WARN_OBJC_ROOT_CLASS = YES_ERROR;
				CLANG_WARN_QUOTED_INCLUDE_IN_FRAMEWORK_HEADER = YES;
				CLANG_WARN_RANGE_LOOP_ANALYSIS = YES;
				CLANG_WARN_STRICT_PROTOTYPES = YES;
				CLANG_WARN_SUSPICIOUS_MOVE = YES;
				CLANG_WARN_UNGUARDED_AVAILABILITY = YES_AGGRESSIVE;
				CLANG_WARN_UNREACHABLE_CODE = YES;
				CLANG_WARN__DUPLICATE_METHOD_MATCH = YES;
				COPY_PHASE_STRIP = NO;
				DEBUG_INFORMATION_FORMAT = dwarf;
				ENABLE_STRICT_OBJC_MSGSEND = YES;
				ENABLE_TESTABILITY = YES;
				GCC_C_LANGUAGE_STANDARD = gnu11;
				GCC_DYNAMIC_NO_PIC = NO;
				GCC_NO_COMMON_BLOCKS = YES;
				GCC_OPTIMIZATION_LEVEL = 0;
				GCC_PREPROCESSOR_DEFINITIONS = (
					"DEBUG=1",
					"$(inherited)",
				);
				GCC_WARN_64_TO_32_BIT_CONVERSION = YES;
				GCC_WARN_ABOUT_RETURN_TYPE = YES_ERROR;
				GCC_WARN_UNDECLARED_SELECTOR = YES;
				GCC_WARN_UNINITIALIZED_AUTOS = YES_AGGRESSIVE;
				GCC_WARN_UNUSED_FUNCTION = YES;
				GCC_WARN_UNUSED_VARIABLE = YES;
				IPHONEOS_DEPLOYMENT_TARGET = 15.5;
				MTL_ENABLE_DEBUG_INFO = INCLUDE_SOURCE;
				MTL_FAST_MATH = YES;
				ONLY_ACTIVE_ARCH = YES;
				SDKROOT = iphoneos;
				SWIFT_ACTIVE_COMPILATION_CONDITIONS = DEBUG;
				SWIFT_OPTIMIZATION_LEVEL = "-Onone";
			};
			name = Debug;
		};
		63A3C9C028464BD40036C3CC /* Release */ = {
			isa = XCBuildConfiguration;
			buildSettings = {
				ALWAYS_SEARCH_USER_PATHS = NO;
				CLANG_ANALYZER_NONNULL = YES;
				CLANG_ANALYZER_NUMBER_OBJECT_CONVERSION = YES_AGGRESSIVE;
				CLANG_CXX_LANGUAGE_STANDARD = "gnu++17";
				CLANG_ENABLE_MODULES = YES;
				CLANG_ENABLE_OBJC_ARC = YES;
				CLANG_ENABLE_OBJC_WEAK = YES;
				CLANG_WARN_BLOCK_CAPTURE_AUTORELEASING = YES;
				CLANG_WARN_BOOL_CONVERSION = YES;
				CLANG_WARN_COMMA = YES;
				CLANG_WARN_CONSTANT_CONVERSION = YES;
				CLANG_WARN_DEPRECATED_OBJC_IMPLEMENTATIONS = YES;
				CLANG_WARN_DIRECT_OBJC_ISA_USAGE = YES_ERROR;
				CLANG_WARN_DOCUMENTATION_COMMENTS = YES;
				CLANG_WARN_EMPTY_BODY = YES;
				CLANG_WARN_ENUM_CONVERSION = YES;
				CLANG_WARN_INFINITE_RECURSION = YES;
				CLANG_WARN_INT_CONVERSION = YES;
				CLANG_WARN_NON_LITERAL_NULL_CONVERSION = YES;
				CLANG_WARN_OBJC_IMPLICIT_RETAIN_SELF = YES;
				CLANG_WARN_OBJC_LITERAL_CONVERSION = YES;
				CLANG_WARN_OBJC_ROOT_CLASS = YES_ERROR;
				CLANG_WARN_QUOTED_INCLUDE_IN_FRAMEWORK_HEADER = YES;
				CLANG_WARN_RANGE_LOOP_ANALYSIS = YES;
				CLANG_WARN_STRICT_PROTOTYPES = YES;
				CLANG_WARN_SUSPICIOUS_MOVE = YES;
				CLANG_WARN_UNGUARDED_AVAILABILITY = YES_AGGRESSIVE;
				CLANG_WARN_UNREACHABLE_CODE = YES;
				CLANG_WARN__DUPLICATE_METHOD_MATCH = YES;
				COPY_PHASE_STRIP = NO;
				DEBUG_INFORMATION_FORMAT = "dwarf-with-dsym";
				ENABLE_NS_ASSERTIONS = NO;
				ENABLE_STRICT_OBJC_MSGSEND = YES;
				GCC_C_LANGUAGE_STANDARD = gnu11;
				GCC_NO_COMMON_BLOCKS = YES;
				GCC_WARN_64_TO_32_BIT_CONVERSION = YES;
				GCC_WARN_ABOUT_RETURN_TYPE = YES_ERROR;
				GCC_WARN_UNDECLARED_SELECTOR = YES;
				GCC_WARN_UNINITIALIZED_AUTOS = YES_AGGRESSIVE;
				GCC_WARN_UNUSED_FUNCTION = YES;
				GCC_WARN_UNUSED_VARIABLE = YES;
				IPHONEOS_DEPLOYMENT_TARGET = 15.5;
				MTL_ENABLE_DEBUG_INFO = NO;
				MTL_FAST_MATH = YES;
				SDKROOT = iphoneos;
				SWIFT_COMPILATION_MODE = wholemodule;
				SWIFT_OPTIMIZATION_LEVEL = "-O";
				VALIDATE_PRODUCT = YES;
			};
			name = Release;
		};
		63A3C9C228464BD40036C3CC /* Debug */ = {
			isa = XCBuildConfiguration;
			buildSettings = {
				ASSETCATALOG_COMPILER_APPICON_NAME = AppIcon;
				ASSETCATALOG_COMPILER_GLOBAL_ACCENT_COLOR_NAME = AccentColor;
				CODE_SIGN_STYLE = Automatic;
				CURRENT_PROJECT_VERSION = 1;
				DEVELOPMENT_TEAM = T74HR6T3C3;
				GENERATE_INFOPLIST_FILE = YES;
				INFOPLIST_FILE = from_B/Info.plist;
				INFOPLIST_KEY_UIApplicationSupportsIndirectInputEvents = YES;
				INFOPLIST_KEY_UILaunchStoryboardName = LaunchScreen;
				INFOPLIST_KEY_UIMainStoryboardFile = Main;
				INFOPLIST_KEY_UISupportedInterfaceOrientations_iPad = "UIInterfaceOrientationPortrait UIInterfaceOrientationPortraitUpsideDown UIInterfaceOrientationLandscapeLeft UIInterfaceOrientationLandscapeRight";
				INFOPLIST_KEY_UISupportedInterfaceOrientations_iPhone = "UIInterfaceOrientationPortrait UIInterfaceOrientationLandscapeLeft UIInterfaceOrientationLandscapeRight";
				LD_RUNPATH_SEARCH_PATHS = (
					"$(inherited)",
					"@executable_path/Frameworks",
				);
				MARKETING_VERSION = 1.0;
				PRODUCT_BUNDLE_IDENTIFIER = "Anna.from-B";
				PRODUCT_NAME = "$(TARGET_NAME)";
				SWIFT_EMIT_LOC_STRINGS = YES;
				SWIFT_VERSION = 5.0;
				TARGETED_DEVICE_FAMILY = "1,2";
			};
			name = Debug;
		};
		63A3C9C328464BD40036C3CC /* Release */ = {
			isa = XCBuildConfiguration;
			buildSettings = {
				ASSETCATALOG_COMPILER_APPICON_NAME = AppIcon;
				ASSETCATALOG_COMPILER_GLOBAL_ACCENT_COLOR_NAME = AccentColor;
				CODE_SIGN_STYLE = Automatic;
				CURRENT_PROJECT_VERSION = 1;
				DEVELOPMENT_TEAM = T74HR6T3C3;
				GENERATE_INFOPLIST_FILE = YES;
				INFOPLIST_FILE = from_B/Info.plist;
				INFOPLIST_KEY_UIApplicationSupportsIndirectInputEvents = YES;
				INFOPLIST_KEY_UILaunchStoryboardName = LaunchScreen;
				INFOPLIST_KEY_UIMainStoryboardFile = Main;
				INFOPLIST_KEY_UISupportedInterfaceOrientations_iPad = "UIInterfaceOrientationPortrait UIInterfaceOrientationPortraitUpsideDown UIInterfaceOrientationLandscapeLeft UIInterfaceOrientationLandscapeRight";
				INFOPLIST_KEY_UISupportedInterfaceOrientations_iPhone = "UIInterfaceOrientationPortrait UIInterfaceOrientationLandscapeLeft UIInterfaceOrientationLandscapeRight";
				LD_RUNPATH_SEARCH_PATHS = (
					"$(inherited)",
					"@executable_path/Frameworks",
				);
				MARKETING_VERSION = 1.0;
				PRODUCT_BUNDLE_IDENTIFIER = "Anna.from-B";
				PRODUCT_NAME = "$(TARGET_NAME)";
				SWIFT_EMIT_LOC_STRINGS = YES;
				SWIFT_VERSION = 5.0;
				TARGETED_DEVICE_FAMILY = "1,2";
			};
			name = Release;
		};
/* End XCBuildConfiguration section */

/* Begin XCConfigurationList section */
		63A3C9A828464BD20036C3CC /* Build configuration list for PBXProject "from_B" */ = {
			isa = XCConfigurationList;
			buildConfigurations = (
				63A3C9BF28464BD40036C3CC /* Debug */,
				63A3C9C028464BD40036C3CC /* Release */,
			);
			defaultConfigurationIsVisible = 0;
			defaultConfigurationName = Release;
		};
		63A3C9C128464BD40036C3CC /* Build configuration list for PBXNativeTarget "from_B" */ = {
			isa = XCConfigurationList;
			buildConfigurations = (
				63A3C9C228464BD40036C3CC /* Debug */,
				63A3C9C328464BD40036C3CC /* Release */,
			);
			defaultConfigurationIsVisible = 0;
			defaultConfigurationName = Release;
		};
/* End XCConfigurationList section */
	};
	rootObject = 63A3C9A528464BD20036C3CC /* Project object */;
}
